github.com/aead/skein v0.0.0-20160722084837-9365ae6e95d2 h1:q5TSngwXJdajCyZPQR+eKyRRgI3/ZXC/Nq1ZxZ4Zxu8=
github.com/aead/skein v0.0.0-20160722084837-9365ae6e95d2/go.mod h1:4JBZEId5BaLqvA2DGU53phvwkn2WpeLhNSF79/uKBPs=
github.com/dchest/blake256 v1.0.0 h1:6gUgI5MHdz9g0TdrgKqXsoDX+Zjxmm1Sc6OsoGru50I=
github.com/dchest/blake256 v1.0.0/go.mod h1:xXNWCE1jsAP8DAjP+rKw2MbeqLczjI3TRx2VK+9OEYY=
golang.org/x/sys v0.0.0-20180816055513-1c9583448a9c h1:uHnKXcvx6SNkuwC+nrzxkJ+TpPwZOtumbhWrrOYN5YA=
golang.org/x/sys v0.0.0-20180816055513-1c9583448a9c/go.mod h1:STP8DvDyc/dI5b8T5hshtkjS+E42TnysNCUPdjciGhY=
